// !$*UTF8*$!
{
	archiveVersion = 1;
	classes = {
	};
	objectVersion = 46;
	objects = {

/* Begin PBXBuildFile section */
		A0B4C53A1A2AE1EA00A25C89 /* main.m in Sources */ = {isa = PBXBuildFile; fileRef = A0B4C5391A2AE1EA00A25C89 /* main.m */; };
		A0B4C53D1A2AE1EA00A25C89 /* AppDelegate.m in Sources */ = {isa = PBXBuildFile; fileRef = A0B4C53C1A2AE1EA00A25C89 /* AppDelegate.m */; };
		A0B4C5401A2AE1EA00A25C89 /* ViewController.m in Sources */ = {isa = PBXBuildFile; fileRef = A0B4C53F1A2AE1EA00A25C89 /* ViewController.m */; };
		A0B4C5431A2AE1EA00A25C89 /* Main.storyboard in Resources */ = {isa = PBXBuildFile; fileRef = A0B4C5411A2AE1EA00A25C89 /* Main.storyboard */; };
		A0B4C5451A2AE1EA00A25C89 /* Images.xcassets in Resources */ = {isa = PBXBuildFile; fileRef = A0B4C5441A2AE1EA00A25C89 /* Images.xcassets */; };
		A0B4C5481A2AE1EA00A25C89 /* LaunchScreen.xib in Resources */ = {isa = PBXBuildFile; fileRef = A0B4C5461A2AE1EA00A25C89 /* LaunchScreen.xib */; };
		A0B4C5541A2AE1EB00A25C89 /* WatchKitTestTests.m in Sources */ = {isa = PBXBuildFile; fileRef = A0B4C5531A2AE1EB00A25C89 /* WatchKitTestTests.m */; };
/* End PBXBuildFile section */

/* Begin PBXContainerItemProxy section */
		A0B4C54E1A2AE1EB00A25C89 /* PBXContainerItemProxy */ = {
			isa = PBXContainerItemProxy;
			containerPortal = A0B4C52C1A2AE1EA00A25C89 /* Project object */;
			proxyType = 1;
			remoteGlobalIDString = A0B4C5331A2AE1EA00A25C89;
			remoteInfo = WatchKitTest;
		};
/* End PBXContainerItemProxy section */

/* Begin PBXFileReference section */
		A0B4C5341A2AE1EA00A25C89 /* WatchKitTest.app */ = {isa = PBXFileReference; explicitFileType = wrapper.application; includeInIndex = 0; path = WatchKitTest.app; sourceTree = BUILT_PRODUCTS_DIR; };
		A0B4C5381A2AE1EA00A25C89 /* Info.plist */ = {isa = PBXFileReference; lastKnownFileType = text.plist.xml; path = Info.plist; sourceTree = "<group>"; };
		A0B4C5391A2AE1EA00A25C89 /* main.m */ = {isa = PBXFileReference; lastKnownFileType = sourcecode.c.objc; path = main.m; sourceTree = "<group>"; };
		A0B4C53B1A2AE1EA00A25C89 /* AppDelegate.h */ = {isa = PBXFileReference; lastKnownFileType = sourcecode.c.h; path = AppDelegate.h; sourceTree = "<group>"; };
		A0B4C53C1A2AE1EA00A25C89 /* AppDelegate.m */ = {isa = PBXFileReference; lastKnownFileType = sourcecode.c.objc; path = AppDelegate.m; sourceTree = "<group>"; };
		A0B4C53E1A2AE1EA00A25C89 /* ViewController.h */ = {isa = PBXFileReference; lastKnownFileType = sourcecode.c.h; path = ViewController.h; sourceTree = "<group>"; };
		A0B4C53F1A2AE1EA00A25C89 /* ViewController.m */ = {isa = PBXFileReference; lastKnownFileType = sourcecode.c.objc; path = ViewController.m; sourceTree = "<group>"; };
		A0B4C5421A2AE1EA00A25C89 /* Base */ = {isa = PBXFileReference; lastKnownFileType = file.storyboard; name = Base; path = Base.lproj/Main.storyboard; sourceTree = "<group>"; };
		A0B4C5441A2AE1EA00A25C89 /* Images.xcassets */ = {isa = PBXFileReference; lastKnownFileType = folder.assetcatalog; path = Images.xcassets; sourceTree = "<group>"; };
		A0B4C5471A2AE1EA00A25C89 /* Base */ = {isa = PBXFileReference; lastKnownFileType = file.xib; name = Base; path = Base.lproj/LaunchScreen.xib; sourceTree = "<group>"; };
		A0B4C54D1A2AE1EB00A25C89 /* WatchKitTestTests.xctest */ = {isa = PBXFileReference; explicitFileType = wrapper.cfbundle; includeInIndex = 0; path = WatchKitTestTests.xctest; sourceTree = BUILT_PRODUCTS_DIR; };
		A0B4C5521A2AE1EB00A25C89 /* Info.plist */ = {isa = PBXFileReference; lastKnownFileType = text.plist.xml; path = Info.plist; sourceTree = "<group>"; };
		A0B4C5531A2AE1EB00A25C89 /* WatchKitTestTests.m */ = {isa = PBXFileReference; lastKnownFileType = sourcecode.c.objc; path = WatchKitTestTests.m; sourceTree = "<group>"; };
/* End PBXFileReference section */

/* Begin PBXFrameworksBuildPhase section */
		A0B4C5311A2AE1EA00A25C89 /* Frameworks */ = {
			isa = PBXFrameworksBuildPhase;
			buildActionMask = 2147483647;
			files = (
			);
			runOnlyForDeploymentPostprocessing = 0;
		};
		A0B4C54A1A2AE1EB00A25C89 /* Frameworks */ = {
			isa = PBXFrameworksBuildPhase;
			buildActionMask = 2147483647;
			files = (
			);
			runOnlyForDeploymentPostprocessing = 0;
		};
/* End PBXFrameworksBuildPhase section */

/* Begin PBXGroup section */
		A0B4C52B1A2AE1EA00A25C89 = {
			isa = PBXGroup;
			children = (
				A0B4C5361A2AE1EA00A25C89 /* WatchKitTest */,
				A0B4C5501A2AE1EB00A25C89 /* WatchKitTestTests */,
				A0B4C5351A2AE1EA00A25C89 /* Products */,
			);
			sourceTree = "<group>";
		};
		A0B4C5351A2AE1EA00A25C89 /* Products */ = {
			isa = PBXGroup;
			children = (
				A0B4C5341A2AE1EA00A25C89 /* WatchKitTest.app */,
				A0B4C54D1A2AE1EB00A25C89 /* WatchKitTestTests.xctest */,
			);
			name = Products;
			sourceTree = "<group>";
		};
		A0B4C5361A2AE1EA00A25C89 /* WatchKitTest */ = {
			isa = PBXGroup;
			children = (
				A0B4C53B1A2AE1EA00A25C89 /* AppDelegate.h */,
				A0B4C53C1A2AE1EA00A25C89 /* AppDelegate.m */,
				A0B4C53E1A2AE1EA00A25C89 /* ViewController.h */,
				A0B4C53F1A2AE1EA00A25C89 /* ViewController.m */,
				A0B4C5411A2AE1EA00A25C89 /* Main.storyboard */,
				A0B4C5441A2AE1EA00A25C89 /* Images.xcassets */,
				A0B4C5461A2AE1EA00A25C89 /* LaunchScreen.xib */,
				A0B4C5371A2AE1EA00A25C89 /* Supporting Files */,
			);
			path = WatchKitTest;
			sourceTree = "<group>";
		};
		A0B4C5371A2AE1EA00A25C89 /* Supporting Files */ = {
			isa = PBXGroup;
			children = (
				A0B4C5381A2AE1EA00A25C89 /* Info.plist */,
				A0B4C5391A2AE1EA00A25C89 /* main.m */,
			);
			name = "Supporting Files";
			sourceTree = "<group>";
		};
		A0B4C5501A2AE1EB00A25C89 /* WatchKitTestTests */ = {
			isa = PBXGroup;
			children = (
				A0B4C5531A2AE1EB00A25C89 /* WatchKitTestTests.m */,
				A0B4C5511A2AE1EB00A25C89 /* Supporting Files */,
			);
			path = WatchKitTestTests;
			sourceTree = "<group>";
		};
		A0B4C5511A2AE1EB00A25C89 /* Supporting Files */ = {
			isa = PBXGroup;
			children = (
				A0B4C5521A2AE1EB00A25C89 /* Info.plist */,
			);
			name = "Supporting Files";
			sourceTree = "<group>";
		};
/* End PBXGroup section */

/* Begin PBXNativeTarget section */
		A0B4C5331A2AE1EA00A25C89 /* WatchKitTest */ = {
			isa = PBXNativeTarget;
			buildConfigurationList = A0B4C5571A2AE1EB00A25C89 /* Build configuration list for PBXNativeTarget "WatchKitTest" */;
			buildPhases = (
				A0B4C5301A2AE1EA00A25C89 /* Sources */,
				A0B4C5311A2AE1EA00A25C89 /* Frameworks */,
				A0B4C5321A2AE1EA00A25C89 /* Resources */,
			);
			buildRules = (
			);
			dependencies = (
			);
			name = WatchKitTest;
			productName = WatchKitTest;
			productReference = A0B4C5341A2AE1EA00A25C89 /* WatchKitTest.app */;
			productType = "com.apple.product-type.application";
		};
		A0B4C54C1A2AE1EB00A25C89 /* WatchKitTestTests */ = {
			isa = PBXNativeTarget;
			buildConfigurationList = A0B4C55A1A2AE1EB00A25C89 /* Build configuration list for PBXNativeTarget "WatchKitTestTests" */;
			buildPhases = (
				A0B4C5491A2AE1EB00A25C89 /* Sources */,
				A0B4C54A1A2AE1EB00A25C89 /* Frameworks */,
				A0B4C54B1A2AE1EB00A25C89 /* Resources */,
			);
			buildRules = (
			);
			dependencies = (
				A0B4C54F1A2AE1EB00A25C89 /* PBXTargetDependency */,
			);
			name = WatchKitTestTests;
			productName = WatchKitTestTests;
			productReference = A0B4C54D1A2AE1EB00A25C89 /* WatchKitTestTests.xctest */;
			productType = "com.apple.product-type.bundle.unit-test";
		};
/* End PBXNativeTarget section */

/* Begin PBXProject section */
		A0B4C52C1A2AE1EA00A25C89 /* Project object */ = {
			isa = PBXProject;
			attributes = {
				LastUpgradeCheck = 0620;
				ORGANIZATIONNAME = "Ko Bluewater";
				TargetAttributes = {
					A0B4C5331A2AE1EA00A25C89 = {
						CreatedOnToolsVersion = 6.2;
					};
					A0B4C54C1A2AE1EB00A25C89 = {
						CreatedOnToolsVersion = 6.2;
						TestTargetID = A0B4C5331A2AE1EA00A25C89;
					};
				};
			};
			buildConfigurationList = A0B4C52F1A2AE1EA00A25C89 /* Build configuration list for PBXProject "WatchKitTest" */;
			compatibilityVersion = "Xcode 3.2";
			developmentRegion = English;
			hasScannedForEncodings = 0;
			knownRegions = (
				en,
				Base,
			);
			mainGroup = A0B4C52B1A2AE1EA00A25C89;
			productRefGroup = A0B4C5351A2AE1EA00A25C89 /* Products */;
			projectDirPath = "";
			projectRoot = "";
			targets = (
				A0B4C5331A2AE1EA00A25C89 /* WatchKitTest */,
				A0B4C54C1A2AE1EB00A25C89 /* WatchKitTestTests */,
			);
		};
/* End PBXProject section */

/* Begin PBXResourcesBuildPhase section */
		A0B4C5321A2AE1EA00A25C89 /* Resources */ = {
			isa = PBXResourcesBuildPhase;
			buildActionMask = 2147483647;
			files = (
				A0B4C5431A2AE1EA00A25C89 /* Main.storyboard in Resources */,
				A0B4C5481A2AE1EA00A25C89 /* LaunchScreen.xib in Resources */,
				A0B4C5451A2AE1EA00A25C89 /* Images.xcassets in Resources */,
			);
			runOnlyForDeploymentPostprocessing = 0;
		};
		A0B4C54B1A2AE1EB00A25C89 /* Resources */ = {
			isa = PBXResourcesBuildPhase;
			buildActionMask = 2147483647;
			files = (
			);
			runOnlyForDeploymentPostprocessing = 0;
		};
/* End PBXResourcesBuildPhase section */

/* Begin PBXSourcesBuildPhase section */
		A0B4C5301A2AE1EA00A25C89 /* Sources */ = {
			isa = PBXSourcesBuildPhase;
			buildActionMask = 2147483647;
			files = (
				A0B4C5401A2AE1EA00A25C89 /* ViewController.m in Sources */,
				A0B4C53D1A2AE1EA00A25C89 /* AppDelegate.m in Sources */,
				A0B4C53A1A2AE1EA00A25C89 /* main.m in Sources */,
			);
			runOnlyForDeploymentPostprocessing = 0;
		};
		A0B4C5491A2AE1EB00A25C89 /* Sources */ = {
			isa = PBXSourcesBuildPhase;
			buildActionMask = 2147483647;
			files = (
				A0B4C5541A2AE1EB00A25C89 /* WatchKitTestTests.m in Sources */,
			);
			runOnlyForDeploymentPostprocessing = 0;
		};
/* End PBXSourcesBuildPhase section */

/* Begin PBXTargetDependency section */
		A0B4C54F1A2AE1EB00A25C89 /* PBXTargetDependency */ = {
			isa = PBXTargetDependency;
			target = A0B4C5331A2AE1EA00A25C89 /* WatchKitTest */;
			targetProxy = A0B4C54E1A2AE1EB00A25C89 /* PBXContainerItemProxy */;
		};
/* End PBXTargetDependency section */

/* Begin PBXVariantGroup section */
		A0B4C5411A2AE1EA00A25C89 /* Main.storyboard */ = {
			isa = PBXVariantGroup;
			children = (
				A0B4C5421A2AE1EA00A25C89 /* Base */,
			);
			name = Main.storyboard;
			sourceTree = "<group>";
		};
		A0B4C5461A2AE1EA00A25C89 /* LaunchScreen.xib */ = {
			isa = PBXVariantGroup;
			children = (
				A0B4C5471A2AE1EA00A25C89 /* Base */,
			);
			name = LaunchScreen.xib;
			sourceTree = "<group>";
		};
/* End PBXVariantGroup section */

/* Begin XCBuildConfiguration section */
		A0B4C5551A2AE1EB00A25C89 /* Debug */ = {
			isa = XCBuildConfiguration;
			buildSettings = {
				ALWAYS_SEARCH_USER_PATHS = NO;
				CLANG_CXX_LANGUAGE_STANDARD = "gnu++0x";
				CLANG_CXX_LIBRARY = "libc++";
				CLANG_ENABLE_MODULES = YES;
				CLANG_ENABLE_OBJC_ARC = YES;
				CLANG_WARN_BOOL_CONVERSION = YES;
				CLANG_WARN_CONSTANT_CONVERSION = YES;
				CLANG_WARN_DIRECT_OBJC_ISA_USAGE = YES_ERROR;
				CLANG_WARN_EMPTY_BODY = YES;
				CLANG_WARN_ENUM_CONVERSION = YES;
				CLANG_WARN_INT_CONVERSION = YES;
				CLANG_WARN_OBJC_ROOT_CLASS = YES_ERROR;
				CLANG_WARN_UNREACHABLE_CODE = YES;
				CLANG_WARN__DUPLICATE_METHOD_MATCH = YES;
				"CODE_SIGN_IDENTITY[sdk=iphoneos*]" = "iPhone Developer";
				COPY_PHASE_STRIP = NO;
				ENABLE_STRICT_OBJC_MSGSEND = YES;
				GCC_C_LANGUAGE_STANDARD = gnu99;
				GCC_DYNAMIC_NO_PIC = NO;
				GCC_OPTIMIZATION_LEVEL = 0;
				GCC_PREPROCESSOR_DEFINITIONS = (
					"DEBUG=1",
					"$(inherited)",
				);
				GCC_SYMBOLS_PRIVATE_EXTERN = NO;
				GCC_WARN_64_TO_32_BIT_CONVERSION = YES;
				GCC_WARN_ABOUT_RETURN_TYPE = YES_ERROR;
				GCC_WARN_UNDECLARED_SELECTOR = YES;
				GCC_WARN_UNINITIALIZED_AUTOS = YES_AGGRESSIVE;
				GCC_WARN_UNUSED_FUNCTION = YES;
				GCC_WARN_UNUSED_VARIABLE = YES;
				IPHONEOS_DEPLOYMENT_TARGET = 8.2;
				MTL_ENABLE_DEBUG_INFO = YES;
				ONLY_ACTIVE_ARCH = YES;
				SDKROOT = iphoneos;
			};
			name = Debug;
		};
		A0B4C5561A2AE1EB00A25C89 /* Release */ = {
			isa = XCBuildConfiguration;
			buildSettings = {
				ALWAYS_SEARCH_USER_PATHS = NO;
				CLANG_CXX_LANGUAGE_STANDARD = "gnu++0x";
				CLANG_CXX_LIBRARY = "libc++";
				CLANG_ENABLE_MODULES = YES;
				CLANG_ENABLE_OBJC_ARC = YES;
				CLANG_WARN_BOOL_CONVERSION = YES;
				CLANG_WARN_CONSTANT_CONVERSION = YES;
				CLANG_WARN_DIRECT_OBJC_ISA_USAGE = YES_ERROR;
				CLANG_WARN_EMPTY_BODY = YES;
				CLANG_WARN_ENUM_CONVERSION = YES;
				CLANG_WARN_INT_CONVERSION = YES;
				CLANG_WARN_OBJC_ROOT_CLASS = YES_ERROR;
				CLANG_WARN_UNREACHABLE_CODE = YES;
				CLANG_WARN__DUPLICATE_METHOD_MATCH = YES;
				"CODE_SIGN_IDENTITY[sdk=iphoneos*]" = "iPhone Developer";
				COPY_PHASE_STRIP = YES;
				ENABLE_NS_ASSERTIONS = NO;
				ENABLE_STRICT_OBJC_MSGSEND = YES;
				GCC_C_LANGUAGE_STANDARD = gnu99;
				GCC_WARN_64_TO_32_BIT_CONVERSION = YES;
				GCC_WARN_ABOUT_RETURN_TYPE = YES_ERROR;
				GCC_WARN_UNDECLARED_SELECTOR = YES;
				GCC_WARN_UNINITIALIZED_AUTOS = YES_AGGRESSIVE;
				GCC_WARN_UNUSED_FUNCTION = YES;
				GCC_WARN_UNUSED_VARIABLE = YES;
				IPHONEOS_DEPLOYMENT_TARGET = 8.2;
				MTL_ENABLE_DEBUG_INFO = NO;
				SDKROOT = iphoneos;
				VALIDATE_PRODUCT = YES;
			};
			name = Release;
		};
		A0B4C5581A2AE1EB00A25C89 /* Debug */ = {
			isa = XCBuildConfiguration;
			buildSettings = {
				ASSETCATALOG_COMPILER_APPICON_NAME = AppIcon;
				INFOPLIST_FILE = WatchKitTest/Info.plist;
				LD_RUNPATH_SEARCH_PATHS = "$(inherited) @executable_path/Frameworks";
				PRODUCT_NAME = "$(TARGET_NAME)";
			};
			name = Debug;
		};
		A0B4C5591A2AE1EB00A25C89 /* Release */ = {
			isa = XCBuildConfiguration;
			buildSettings = {
				ASSETCATALOG_COMPILER_APPICON_NAME = AppIcon;
				INFOPLIST_FILE = WatchKitTest/Info.plist;
				LD_RUNPATH_SEARCH_PATHS = "$(inherited) @executable_path/Frameworks";
				PRODUCT_NAME = "$(TARGET_NAME)";
			};
			name = Release;
		};
		A0B4C55B1A2AE1EB00A25C89 /* Debug */ = {
			isa = XCBuildConfiguration;
			buildSettings = {
				BUNDLE_LOADER = "$(TEST_HOST)";
				FRAMEWORK_SEARCH_PATHS = (
					"$(SDKROOT)/Developer/Library/Frameworks",
					"$(inherited)",
				);
				GCC_PREPROCESSOR_DEFINITIONS = (
					"DEBUG=1",
					"$(inherited)",
				);
				INFOPLIST_FILE = WatchKitTestTests/Info.plist;
				LD_RUNPATH_SEARCH_PATHS = "$(inherited) @executable_path/Frameworks @loader_path/Frameworks";
				PRODUCT_NAME = "$(TARGET_NAME)";
				TEST_HOST = "$(BUILT_PRODUCTS_DIR)/WatchKitTest.app/WatchKitTest";
			};
			name = Debug;
		};
		A0B4C55C1A2AE1EB00A25C89 /* Release */ = {
			isa = XCBuildConfiguration;
			buildSettings = {
				BUNDLE_LOADER = "$(TEST_HOST)";
				FRAMEWORK_SEARCH_PATHS = (
					"$(SDKROOT)/Developer/Library/Frameworks",
					"$(inherited)",
				);
				INFOPLIST_FILE = WatchKitTestTests/Info.plist;
				LD_RUNPATH_SEARCH_PATHS = "$(inherited) @executable_path/Frameworks @loader_path/Frameworks";
				PRODUCT_NAME = "$(TARGET_NAME)";
				TEST_HOST = "$(BUILT_PRODUCTS_DIR)/WatchKitTest.app/WatchKitTest";
			};
			name = Release;
		};
/* End XCBuildConfiguration section */

/* Begin XCConfigurationList section */
		A0B4C52F1A2AE1EA00A25C89 /* Build configuration list for PBXProject "WatchKitTest" */ = {
			isa = XCConfigurationList;
			buildConfigurations = (
				A0B4C5551A2AE1EB00A25C89 /* Debug */,
				A0B4C5561A2AE1EB00A25C89 /* Release */,
			);
			defaultConfigurationIsVisible = 0;
			defaultConfigurationName = Release;
		};
		A0B4C5571A2AE1EB00A25C89 /* Build configuration list for PBXNativeTarget "WatchKitTest" */ = {
			isa = XCConfigurationList;
			buildConfigurations = (
				A0B4C5581A2AE1EB00A25C89 /* Debug */,
				A0B4C5591A2AE1EB00A25C89 /* Release */,
			);
			defaultConfigurationIsVisible = 0;
		};
		A0B4C55A1A2AE1EB00A25C89 /* Build configuration list for PBXNativeTarget "WatchKitTestTests" */ = {
			isa = XCConfigurationList;
			buildConfigurations = (
				A0B4C55B1A2AE1EB00A25C89 /* Debug */,
				A0B4C55C1A2AE1EB00A25C89 /* Release */,
			);
			defaultConfigurationIsVisible = 0;
		};
/* End XCConfigurationList section */
	};
	rootObject = A0B4C52C1A2AE1EA00A25C89 /* Project object */;
}
